
Microsoft Visual Studio Solution File, Format Version 11.00
# Visual Studio 2010
Project("{FAE04EC0-301F-11D3-BF4B-00C04F79EFBC}") = "Mars-Project", "Mars-Project.csproj", "{F52D3A81-7984-4DAD-A309-5B833F5F1C98}"
EndProject
Global
	GlobalSection(SolutionConfigurationPlatforms) = preSolution
		Debug|x86 = Debug|x86
		Release|x86 = Release|x86
	EndGlobalSection
	GlobalSection(ProjectConfigurationPlatforms) = postSolution
		{F52D3A81-7984-4DAD-A309-5B833F5F1C98}.Debug|x86.ActiveCfg = Debug|x86
		{F52D3A81-7984-4DAD-A309-5B833F5F1C98}.Debug|x86.Build.0 = Debug|x86
		{F52D3A81-7984-4DAD-A309-5B833F5F1C98}.Release|x86.ActiveCfg = Release|x86
		{F52D3A81-7984-4DAD-A309-5B833F5F1C98}.Release|x86.Build.0 = Release|x86
	EndGlobalSection
	GlobalSection(MonoDevelopProperties) = preSolution
		StartupItem = Mars-Project.csproj
	EndGlobalSection
EndGlobal
