
Microsoft Visual Studio Solution File, Format Version 12.00
# Visual Studio 2012
Project("{FAE04EC0-301F-11D3-BF4B-00C04F79EFBC}") = "Gui_Test_Vi", "Gui_Test_Vi\Gui_Test_Vi.csproj", "{22081B85-B327-427D-BAA7-A11F6375C375}"
EndProject
Global
	GlobalSection(SolutionConfigurationPlatforms) = preSolution
		Debug|Any CPU = Debug|Any CPU
		Release|Any CPU = Release|Any CPU
	EndGlobalSection
	GlobalSection(ProjectConfigurationPlatforms) = postSolution
		{22081B85-B327-427D-BAA7-A11F6375C375}.Debug|Any CPU.ActiveCfg = Debug|Any CPU
		{22081B85-B327-427D-BAA7-A11F6375C375}.Debug|Any CPU.Build.0 = Debug|Any CPU
		{22081B85-B327-427D-BAA7-A11F6375C375}.Release|Any CPU.ActiveCfg = Release|Any CPU
		{22081B85-B327-427D-BAA7-A11F6375C375}.Release|Any CPU.Build.0 = Release|Any CPU
	EndGlobalSection
	GlobalSection(SolutionProperties) = preSolution
		HideSolutionNode = FALSE
	EndGlobalSection
EndGlobal
