
Microsoft Visual Studio Solution File, Format Version 12.00
# Visual Studio 2012
Project("{FAE04EC0-301F-11D3-BF4B-00C04F79EFBC}") = "gda_readmap", "gda_readmap\gda_readmap.csproj", "{F614821A-1C9B-4563-A721-1E91045EBA32}"
EndProject
Global
	GlobalSection(SolutionConfigurationPlatforms) = preSolution
		Debug|Any CPU = Debug|Any CPU
		Release|Any CPU = Release|Any CPU
	EndGlobalSection
	GlobalSection(ProjectConfigurationPlatforms) = postSolution
		{F614821A-1C9B-4563-A721-1E91045EBA32}.Debug|Any CPU.ActiveCfg = Debug|Any CPU
		{F614821A-1C9B-4563-A721-1E91045EBA32}.Debug|Any CPU.Build.0 = Debug|Any CPU
		{F614821A-1C9B-4563-A721-1E91045EBA32}.Release|Any CPU.ActiveCfg = Release|Any CPU
		{F614821A-1C9B-4563-A721-1E91045EBA32}.Release|Any CPU.Build.0 = Release|Any CPU
	EndGlobalSection
	GlobalSection(SolutionProperties) = preSolution
		HideSolutionNode = FALSE
	EndGlobalSection
EndGlobal
